{
  "pins" : [
    {
      "identity" : "gettingthingsdoneshareddto",
      "kind" : "remoteSourceControl",
      "location" : "https://github.com/igorlopatka/GettingThingsDoneSharedDTO.git",
      "state" : {
        "branch" : "main",
        "revision" : "bba5ec977fa36c00ff49e719510ca92eefc36616"
      }
    }
  ],
  "version" : 2
}
