// !$*UTF8*$!
{
	archiveVersion = 1;
	classes = {
	};
	objectVersion = 56;
	objects = {

/* Begin PBXBuildFile section */
		45131C752B288373005E5D97 /* LoginScreen.swift in Sources */ = {isa = PBXBuildFile; fileRef = 45131C742B288373005E5D97 /* LoginScreen.swift */; };
		452253752B1E426000CE8B92 /* GetThingsDoneApp.swift in Sources */ = {isa = PBXBuildFile; fileRef = 452253742B1E426000CE8B92 /* GetThingsDoneApp.swift */; };
		452253792B1E426100CE8B92 /* Assets.xcassets in Resources */ = {isa = PBXBuildFile; fileRef = 452253782B1E426100CE8B92 /* Assets.xcassets */; };
		4522537C2B1E426100CE8B92 /* Preview Assets.xcassets in Resources */ = {isa = PBXBuildFile; fileRef = 4522537B2B1E426100CE8B92 /* Preview Assets.xcassets */; };
		4528052A2B278E5000AD9154 /* GTDModel.swift in Sources */ = {isa = PBXBuildFile; fileRef = 452805292B278E4F00AD9154 /* GTDModel.swift */; };
		4528052F2B2790F300AD9154 /* Constants.swift in Sources */ = {isa = PBXBuildFile; fileRef = 4528052E2B2790F300AD9154 /* Constants.swift */; };
		45384F922B98A20500CDBFF4 /* AddCategoryScreen.swift in Sources */ = {isa = PBXBuildFile; fileRef = 45384F912B98A20500CDBFF4 /* AddCategoryScreen.swift */; };
		45384F942B98A6F400CDBFF4 /* UserDefaults+Extension.swift in Sources */ = {isa = PBXBuildFile; fileRef = 45384F932B98A6F400CDBFF4 /* UserDefaults+Extension.swift */; };
		4544395C2B9899CE00E3F395 /* ColorSelector.swift in Sources */ = {isa = PBXBuildFile; fileRef = 4544395B2B9899CE00E3F395 /* ColorSelector.swift */; };
		4544395E2B989B4400E3F395 /* Color+Extension.swift in Sources */ = {isa = PBXBuildFile; fileRef = 4544395D2B989B4400E3F395 /* Color+Extension.swift */; };
		459057812B94FB6900C6F6D5 /* GettingThingsDoneSharedDTO in Frameworks */ = {isa = PBXBuildFile; productRef = 459057802B94FB6900C6F6D5 /* GettingThingsDoneSharedDTO */; };
		45A601C22B94EB56002A3BC2 /* ApplicationState.swift in Sources */ = {isa = PBXBuildFile; fileRef = 45A601C12B94EB56002A3BC2 /* ApplicationState.swift */; };
		45B770392B235E3800150C59 /* HTTPClient.swift in Sources */ = {isa = PBXBuildFile; fileRef = 45B770382B235E3800150C59 /* HTTPClient.swift */; };
		45C1659C2B2114E800F301F9 /* RegistrationScreen.swift in Sources */ = {isa = PBXBuildFile; fileRef = 45C1659B2B2114E800F301F9 /* RegistrationScreen.swift */; };
		45C1659F2B2116E500F301F9 /* String+Extentions.swift in Sources */ = {isa = PBXBuildFile; fileRef = 45C1659E2B2116E500F301F9 /* String+Extentions.swift */; };
		45C165A72B21194900F301F9 /* GetThingsDoneTests.swift in Sources */ = {isa = PBXBuildFile; fileRef = 45C165A62B21194900F301F9 /* GetThingsDoneTests.swift */; };
		45C165B42B21195600F301F9 /* GetThingsDoneUITests.swift in Sources */ = {isa = PBXBuildFile; fileRef = 45C165B32B21195600F301F9 /* GetThingsDoneUITests.swift */; };
		45C165B62B21195600F301F9 /* GetThingsDoneUITestsLaunchTests.swift in Sources */ = {isa = PBXBuildFile; fileRef = 45C165B52B21195600F301F9 /* GetThingsDoneUITestsLaunchTests.swift */; };
		45C165BD2B211A5300F301F9 /* RegistrationViewTests.swift in Sources */ = {isa = PBXBuildFile; fileRef = 45C165BC2B211A5300F301F9 /* RegistrationViewTests.swift */; };
/* End PBXBuildFile section */

/* Begin PBXContainerItemProxy section */
		45C165A82B21194900F301F9 /* PBXContainerItemProxy */ = {
			isa = PBXContainerItemProxy;
			containerPortal = 452253692B1E426000CE8B92 /* Project object */;
			proxyType = 1;
			remoteGlobalIDString = 452253702B1E426000CE8B92;
			remoteInfo = GetThingsDone;
		};
		45C165B72B21195600F301F9 /* PBXContainerItemProxy */ = {
			isa = PBXContainerItemProxy;
			containerPortal = 452253692B1E426000CE8B92 /* Project object */;
			proxyType = 1;
			remoteGlobalIDString = 452253702B1E426000CE8B92;
			remoteInfo = GetThingsDone;
		};
/* End PBXContainerItemProxy section */

/* Begin PBXFileReference section */
		45131C742B288373005E5D97 /* LoginScreen.swift */ = {isa = PBXFileReference; lastKnownFileType = sourcecode.swift; path = LoginScreen.swift; sourceTree = "<group>"; };
		452253712B1E426000CE8B92 /* GetThingsDone.app */ = {isa = PBXFileReference; explicitFileType = wrapper.application; includeInIndex = 0; path = GetThingsDone.app; sourceTree = BUILT_PRODUCTS_DIR; };
		452253742B1E426000CE8B92 /* GetThingsDoneApp.swift */ = {isa = PBXFileReference; lastKnownFileType = sourcecode.swift; path = GetThingsDoneApp.swift; sourceTree = "<group>"; };
		452253782B1E426100CE8B92 /* Assets.xcassets */ = {isa = PBXFileReference; lastKnownFileType = folder.assetcatalog; path = Assets.xcassets; sourceTree = "<group>"; };
		4522537B2B1E426100CE8B92 /* Preview Assets.xcassets */ = {isa = PBXFileReference; lastKnownFileType = folder.assetcatalog; path = "Preview Assets.xcassets"; sourceTree = "<group>"; };
		452805292B278E4F00AD9154 /* GTDModel.swift */ = {isa = PBXFileReference; lastKnownFileType = sourcecode.swift; path = GTDModel.swift; sourceTree = "<group>"; };
		4528052E2B2790F300AD9154 /* Constants.swift */ = {isa = PBXFileReference; lastKnownFileType = sourcecode.swift; path = Constants.swift; sourceTree = "<group>"; };
		45384F912B98A20500CDBFF4 /* AddCategoryScreen.swift */ = {isa = PBXFileReference; lastKnownFileType = sourcecode.swift; path = AddCategoryScreen.swift; sourceTree = "<group>"; };
		45384F932B98A6F400CDBFF4 /* UserDefaults+Extension.swift */ = {isa = PBXFileReference; lastKnownFileType = sourcecode.swift; path = "UserDefaults+Extension.swift"; sourceTree = "<group>"; };
		4544395B2B9899CE00E3F395 /* ColorSelector.swift */ = {isa = PBXFileReference; lastKnownFileType = sourcecode.swift; path = ColorSelector.swift; sourceTree = "<group>"; };
		4544395D2B989B4400E3F395 /* Color+Extension.swift */ = {isa = PBXFileReference; lastKnownFileType = sourcecode.swift; path = "Color+Extension.swift"; sourceTree = "<group>"; };
		45A601C12B94EB56002A3BC2 /* ApplicationState.swift */ = {isa = PBXFileReference; lastKnownFileType = sourcecode.swift; path = ApplicationState.swift; sourceTree = "<group>"; };
		45B770382B235E3800150C59 /* HTTPClient.swift */ = {isa = PBXFileReference; lastKnownFileType = sourcecode.swift; path = HTTPClient.swift; sourceTree = "<group>"; };
		45C1659B2B2114E800F301F9 /* RegistrationScreen.swift */ = {isa = PBXFileReference; lastKnownFileType = sourcecode.swift; path = RegistrationScreen.swift; sourceTree = "<group>"; };
		45C1659E2B2116E500F301F9 /* String+Extentions.swift */ = {isa = PBXFileReference; lastKnownFileType = sourcecode.swift; path = "String+Extentions.swift"; sourceTree = "<group>"; };
		45C165A42B21194900F301F9 /* GetThingsDoneTests.xctest */ = {isa = PBXFileReference; explicitFileType = wrapper.cfbundle; includeInIndex = 0; path = GetThingsDoneTests.xctest; sourceTree = BUILT_PRODUCTS_DIR; };
		45C165A62B21194900F301F9 /* GetThingsDoneTests.swift */ = {isa = PBXFileReference; lastKnownFileType = sourcecode.swift; path = GetThingsDoneTests.swift; sourceTree = "<group>"; };
		45C165B12B21195600F301F9 /* GetThingsDoneUITests.xctest */ = {isa = PBXFileReference; explicitFileType = wrapper.cfbundle; includeInIndex = 0; path = GetThingsDoneUITests.xctest; sourceTree = BUILT_PRODUCTS_DIR; };
		45C165B32B21195600F301F9 /* GetThingsDoneUITests.swift */ = {isa = PBXFileReference; lastKnownFileType = sourcecode.swift; path = GetThingsDoneUITests.swift; sourceTree = "<group>"; };
		45C165B52B21195600F301F9 /* GetThingsDoneUITestsLaunchTests.swift */ = {isa = PBXFileReference; lastKnownFileType = sourcecode.swift; path = GetThingsDoneUITestsLaunchTests.swift; sourceTree = "<group>"; };
		45C165BC2B211A5300F301F9 /* RegistrationViewTests.swift */ = {isa = PBXFileReference; lastKnownFileType = sourcecode.swift; path = RegistrationViewTests.swift; sourceTree = "<group>"; };
/* End PBXFileReference section */

/* Begin PBXFrameworksBuildPhase section */
		4522536E2B1E426000CE8B92 /* Frameworks */ = {
			isa = PBXFrameworksBuildPhase;
			buildActionMask = 2147483647;
			files = (
				459057812B94FB6900C6F6D5 /* GettingThingsDoneSharedDTO in Frameworks */,
			);
			runOnlyForDeploymentPostprocessing = 0;
		};
		45C165A12B21194900F301F9 /* Frameworks */ = {
			isa = PBXFrameworksBuildPhase;
			buildActionMask = 2147483647;
			files = (
			);
			runOnlyForDeploymentPostprocessing = 0;
		};
		45C165AE2B21195600F301F9 /* Frameworks */ = {
			isa = PBXFrameworksBuildPhase;
			buildActionMask = 2147483647;
			files = (
			);
			runOnlyForDeploymentPostprocessing = 0;
		};
/* End PBXFrameworksBuildPhase section */

/* Begin PBXGroup section */
		452253682B1E426000CE8B92 = {
			isa = PBXGroup;
			children = (
				452253732B1E426000CE8B92 /* GetThingsDone */,
				452253782B1E426100CE8B92 /* Assets.xcassets */,
				45C165A52B21194900F301F9 /* GetThingsDoneTests */,
				45C165B22B21195600F301F9 /* GetThingsDoneUITests */,
				452253722B1E426000CE8B92 /* Products */,
			);
			sourceTree = "<group>";
		};
		452253722B1E426000CE8B92 /* Products */ = {
			isa = PBXGroup;
			children = (
				452253712B1E426000CE8B92 /* GetThingsDone.app */,
				45C165A42B21194900F301F9 /* GetThingsDoneTests.xctest */,
				45C165B12B21195600F301F9 /* GetThingsDoneUITests.xctest */,
			);
			name = Products;
			sourceTree = "<group>";
		};
		452253732B1E426000CE8B92 /* GetThingsDone */ = {
			isa = PBXGroup;
			children = (
				452253742B1E426000CE8B92 /* GetThingsDoneApp.swift */,
				45B770372B235E2500150C59 /* Clients */,
				45C1659D2B2116C900F301F9 /* Extentions */,
				452805282B278E3B00AD9154 /* Models */,
				4544395F2B989C5100E3F395 /* ScreenViews */,
				4544395A2B9899C000E3F395 /* Views */,
				4528052D2B2790E800AD9154 /* Utils */,
				4522537A2B1E426100CE8B92 /* Preview Content */,
			);
			path = GetThingsDone;
			sourceTree = "<group>";
		};
		4522537A2B1E426100CE8B92 /* Preview Content */ = {
			isa = PBXGroup;
			children = (
				4522537B2B1E426100CE8B92 /* Preview Assets.xcassets */,
			);
			path = "Preview Content";
			sourceTree = "<group>";
		};
		452805282B278E3B00AD9154 /* Models */ = {
			isa = PBXGroup;
			children = (
				452805292B278E4F00AD9154 /* GTDModel.swift */,
				45A601C12B94EB56002A3BC2 /* ApplicationState.swift */,
			);
			path = Models;
			sourceTree = "<group>";
		};
		4528052D2B2790E800AD9154 /* Utils */ = {
			isa = PBXGroup;
			children = (
				4528052E2B2790F300AD9154 /* Constants.swift */,
			);
			path = Utils;
			sourceTree = "<group>";
		};
		4544395A2B9899C000E3F395 /* Views */ = {
			isa = PBXGroup;
			children = (
				4544395B2B9899CE00E3F395 /* ColorSelector.swift */,
			);
			path = Views;
			sourceTree = "<group>";
		};
		4544395F2B989C5100E3F395 /* ScreenViews */ = {
			isa = PBXGroup;
			children = (
				45C1659B2B2114E800F301F9 /* RegistrationScreen.swift */,
				45131C742B288373005E5D97 /* LoginScreen.swift */,
				45384F912B98A20500CDBFF4 /* AddCategoryScreen.swift */,
			);
			path = ScreenViews;
			sourceTree = "<group>";
		};
		45B770372B235E2500150C59 /* Clients */ = {
			isa = PBXGroup;
			children = (
				45B770382B235E3800150C59 /* HTTPClient.swift */,
			);
			path = Clients;
			sourceTree = "<group>";
		};
		45C1659D2B2116C900F301F9 /* Extentions */ = {
			isa = PBXGroup;
			children = (
				45C1659E2B2116E500F301F9 /* String+Extentions.swift */,
				4544395D2B989B4400E3F395 /* Color+Extension.swift */,
				45384F932B98A6F400CDBFF4 /* UserDefaults+Extension.swift */,
			);
			path = Extentions;
			sourceTree = "<group>";
		};
		45C165A52B21194900F301F9 /* GetThingsDoneTests */ = {
			isa = PBXGroup;
			children = (
				45C165A62B21194900F301F9 /* GetThingsDoneTests.swift */,
				45C165BC2B211A5300F301F9 /* RegistrationViewTests.swift */,
			);
			path = GetThingsDoneTests;
			sourceTree = "<group>";
		};
		45C165B22B21195600F301F9 /* GetThingsDoneUITests */ = {
			isa = PBXGroup;
			children = (
				45C165B32B21195600F301F9 /* GetThingsDoneUITests.swift */,
				45C165B52B21195600F301F9 /* GetThingsDoneUITestsLaunchTests.swift */,
			);
			path = GetThingsDoneUITests;
			sourceTree = "<group>";
		};
/* End PBXGroup section */

/* Begin PBXNativeTarget section */
		452253702B1E426000CE8B92 /* GetThingsDone */ = {
			isa = PBXNativeTarget;
			buildConfigurationList = 4522537F2B1E426100CE8B92 /* Build configuration list for PBXNativeTarget "GetThingsDone" */;
			buildPhases = (
				4522536D2B1E426000CE8B92 /* Sources */,
				4522536E2B1E426000CE8B92 /* Frameworks */,
				4522536F2B1E426000CE8B92 /* Resources */,
			);
			buildRules = (
			);
			dependencies = (
			);
			name = GetThingsDone;
			packageProductDependencies = (
				459057802B94FB6900C6F6D5 /* GettingThingsDoneSharedDTO */,
			);
			productName = GetThingsDone;
			productReference = 452253712B1E426000CE8B92 /* GetThingsDone.app */;
			productType = "com.apple.product-type.application";
		};
		45C165A32B21194900F301F9 /* GetThingsDoneTests */ = {
			isa = PBXNativeTarget;
			buildConfigurationList = 45C165AA2B21194900F301F9 /* Build configuration list for PBXNativeTarget "GetThingsDoneTests" */;
			buildPhases = (
				45C165A02B21194900F301F9 /* Sources */,
				45C165A12B21194900F301F9 /* Frameworks */,
				45C165A22B21194900F301F9 /* Resources */,
			);
			buildRules = (
			);
			dependencies = (
				45C165A92B21194900F301F9 /* PBXTargetDependency */,
			);
			name = GetThingsDoneTests;
			productName = GetThingsDoneTests;
			productReference = 45C165A42B21194900F301F9 /* GetThingsDoneTests.xctest */;
			productType = "com.apple.product-type.bundle.unit-test";
		};
		45C165B02B21195600F301F9 /* GetThingsDoneUITests */ = {
			isa = PBXNativeTarget;
			buildConfigurationList = 45C165B92B21195600F301F9 /* Build configuration list for PBXNativeTarget "GetThingsDoneUITests" */;
			buildPhases = (
				45C165AD2B21195600F301F9 /* Sources */,
				45C165AE2B21195600F301F9 /* Frameworks */,
				45C165AF2B21195600F301F9 /* Resources */,
			);
			buildRules = (
			);
			dependencies = (
				45C165B82B21195600F301F9 /* PBXTargetDependency */,
			);
			name = GetThingsDoneUITests;
			productName = GetThingsDoneUITests;
			productReference = 45C165B12B21195600F301F9 /* GetThingsDoneUITests.xctest */;
			productType = "com.apple.product-type.bundle.ui-testing";
		};
/* End PBXNativeTarget section */

/* Begin PBXProject section */
		452253692B1E426000CE8B92 /* Project object */ = {
			isa = PBXProject;
			attributes = {
				BuildIndependentTargetsInParallel = 1;
				LastSwiftUpdateCheck = 1500;
				LastUpgradeCheck = 1500;
				TargetAttributes = {
					452253702B1E426000CE8B92 = {
						CreatedOnToolsVersion = 15.0;
					};
					45C165A32B21194900F301F9 = {
						CreatedOnToolsVersion = 15.0;
						TestTargetID = 452253702B1E426000CE8B92;
					};
					45C165B02B21195600F301F9 = {
						CreatedOnToolsVersion = 15.0;
						TestTargetID = 452253702B1E426000CE8B92;
					};
				};
			};
			buildConfigurationList = 4522536C2B1E426000CE8B92 /* Build configuration list for PBXProject "GetThingsDone" */;
			compatibilityVersion = "Xcode 14.0";
			developmentRegion = en;
			hasScannedForEncodings = 0;
			knownRegions = (
				en,
				Base,
			);
			mainGroup = 452253682B1E426000CE8B92;
			packageReferences = (
				4590577F2B94FB6900C6F6D5 /* XCRemoteSwiftPackageReference "GettingThingsDoneSharedDTO" */,
			);
			productRefGroup = 452253722B1E426000CE8B92 /* Products */;
			projectDirPath = "";
			projectRoot = "";
			targets = (
				452253702B1E426000CE8B92 /* GetThingsDone */,
				45C165A32B21194900F301F9 /* GetThingsDoneTests */,
				45C165B02B21195600F301F9 /* GetThingsDoneUITests */,
			);
		};
/* End PBXProject section */

/* Begin PBXResourcesBuildPhase section */
		4522536F2B1E426000CE8B92 /* Resources */ = {
			isa = PBXResourcesBuildPhase;
			buildActionMask = 2147483647;
			files = (
				4522537C2B1E426100CE8B92 /* Preview Assets.xcassets in Resources */,
				452253792B1E426100CE8B92 /* Assets.xcassets in Resources */,
			);
			runOnlyForDeploymentPostprocessing = 0;
		};
		45C165A22B21194900F301F9 /* Resources */ = {
			isa = PBXResourcesBuildPhase;
			buildActionMask = 2147483647;
			files = (
			);
			runOnlyForDeploymentPostprocessing = 0;
		};
		45C165AF2B21195600F301F9 /* Resources */ = {
			isa = PBXResourcesBuildPhase;
			buildActionMask = 2147483647;
			files = (
			);
			runOnlyForDeploymentPostprocessing = 0;
		};
/* End PBXResourcesBuildPhase section */

/* Begin PBXSourcesBuildPhase section */
		4522536D2B1E426000CE8B92 /* Sources */ = {
			isa = PBXSourcesBuildPhase;
			buildActionMask = 2147483647;
			files = (
				45C1659C2B2114E800F301F9 /* RegistrationScreen.swift in Sources */,
				45B770392B235E3800150C59 /* HTTPClient.swift in Sources */,
				45C1659F2B2116E500F301F9 /* String+Extentions.swift in Sources */,
				45384F922B98A20500CDBFF4 /* AddCategoryScreen.swift in Sources */,
				45131C752B288373005E5D97 /* LoginScreen.swift in Sources */,
				45A601C22B94EB56002A3BC2 /* ApplicationState.swift in Sources */,
				452253752B1E426000CE8B92 /* GetThingsDoneApp.swift in Sources */,
				4528052A2B278E5000AD9154 /* GTDModel.swift in Sources */,
				4544395C2B9899CE00E3F395 /* ColorSelector.swift in Sources */,
				4544395E2B989B4400E3F395 /* Color+Extension.swift in Sources */,
				45384F942B98A6F400CDBFF4 /* UserDefaults+Extension.swift in Sources */,
				4528052F2B2790F300AD9154 /* Constants.swift in Sources */,
			);
			runOnlyForDeploymentPostprocessing = 0;
		};
		45C165A02B21194900F301F9 /* Sources */ = {
			isa = PBXSourcesBuildPhase;
			buildActionMask = 2147483647;
			files = (
				45C165A72B21194900F301F9 /* GetThingsDoneTests.swift in Sources */,
				45C165BD2B211A5300F301F9 /* RegistrationViewTests.swift in Sources */,
			);
			runOnlyForDeploymentPostprocessing = 0;
		};
		45C165AD2B21195600F301F9 /* Sources */ = {
			isa = PBXSourcesBuildPhase;
			buildActionMask = 2147483647;
			files = (
				45C165B62B21195600F301F9 /* GetThingsDoneUITestsLaunchTests.swift in Sources */,
				45C165B42B21195600F301F9 /* GetThingsDoneUITests.swift in Sources */,
			);
			runOnlyForDeploymentPostprocessing = 0;
		};
/* End PBXSourcesBuildPhase section */

/* Begin PBXTargetDependency section */
		45C165A92B21194900F301F9 /* PBXTargetDependency */ = {
			isa = PBXTargetDependency;
			target = 452253702B1E426000CE8B92 /* GetThingsDone */;
			targetProxy = 45C165A82B21194900F301F9 /* PBXContainerItemProxy */;
		};
		45C165B82B21195600F301F9 /* PBXTargetDependency */ = {
			isa = PBXTargetDependency;
			target = 452253702B1E426000CE8B92 /* GetThingsDone */;
			targetProxy = 45C165B72B21195600F301F9 /* PBXContainerItemProxy */;
		};
/* End PBXTargetDependency section */

/* Begin XCBuildConfiguration section */
		4522537D2B1E426100CE8B92 /* Debug */ = {
			isa = XCBuildConfiguration;
			buildSettings = {
				ALWAYS_SEARCH_USER_PATHS = NO;
				ASSETCATALOG_COMPILER_GENERATE_SWIFT_ASSET_SYMBOL_EXTENSIONS = YES;
				CLANG_ANALYZER_NONNULL = YES;
				CLANG_ANALYZER_NUMBER_OBJECT_CONVERSION = YES_AGGRESSIVE;
				CLANG_CXX_LANGUAGE_STANDARD = "gnu++20";
				CLANG_ENABLE_MODULES = YES;
				CLANG_ENABLE_OBJC_ARC = YES;
				CLANG_ENABLE_OBJC_WEAK = YES;
				CLANG_WARN_BLOCK_CAPTURE_AUTORELEASING = YES;
				CLANG_WARN_BOOL_CONVERSION = YES;
				CLANG_WARN_COMMA = YES;
				CLANG_WARN_CONSTANT_CONVERSION = YES;
				CLANG_WARN_DEPRECATED_OBJC_IMPLEMENTATIONS = YES;
				CLANG_WARN_DIRECT_OBJC_ISA_USAGE = YES_ERROR;
				CLANG_WARN_DOCUMENTATION_COMMENTS = YES;
				CLANG_WARN_EMPTY_BODY = YES;
				CLANG_WARN_ENUM_CONVERSION = YES;
				CLANG_WARN_INFINITE_RECURSION = YES;
				CLANG_WARN_INT_CONVERSION = YES;
				CLANG_WARN_NON_LITERAL_NULL_CONVERSION = YES;
				CLANG_WARN_OBJC_IMPLICIT_RETAIN_SELF = YES;
				CLANG_WARN_OBJC_LITERAL_CONVERSION = YES;
				CLANG_WARN_OBJC_ROOT_CLASS = YES_ERROR;
				CLANG_WARN_QUOTED_INCLUDE_IN_FRAMEWORK_HEADER = YES;
				CLANG_WARN_RANGE_LOOP_ANALYSIS = YES;
				CLANG_WARN_STRICT_PROTOTYPES = YES;
				CLANG_WARN_SUSPICIOUS_MOVE = YES;
				CLANG_WARN_UNGUARDED_AVAILABILITY = YES_AGGRESSIVE;
				CLANG_WARN_UNREACHABLE_CODE = YES;
				CLANG_WARN__DUPLICATE_METHOD_MATCH = YES;
				COPY_PHASE_STRIP = NO;
				DEBUG_INFORMATION_FORMAT = dwarf;
				ENABLE_STRICT_OBJC_MSGSEND = YES;
				ENABLE_TESTABILITY = YES;
				ENABLE_USER_SCRIPT_SANDBOXING = YES;
				GCC_C_LANGUAGE_STANDARD = gnu17;
				GCC_DYNAMIC_NO_PIC = NO;
				GCC_NO_COMMON_BLOCKS = YES;
				GCC_OPTIMIZATION_LEVEL = 0;
				GCC_PREPROCESSOR_DEFINITIONS = (
					"DEBUG=1",
					"$(inherited)",
				);
				GCC_WARN_64_TO_32_BIT_CONVERSION = YES;
				GCC_WARN_ABOUT_RETURN_TYPE = YES_ERROR;
				GCC_WARN_UNDECLARED_SELECTOR = YES;
				GCC_WARN_UNINITIALIZED_AUTOS = YES_AGGRESSIVE;
				GCC_WARN_UNUSED_FUNCTION = YES;
				GCC_WARN_UNUSED_VARIABLE = YES;
				IPHONEOS_DEPLOYMENT_TARGET = 17.0;
				LOCALIZATION_PREFERS_STRING_CATALOGS = YES;
				MTL_ENABLE_DEBUG_INFO = INCLUDE_SOURCE;
				MTL_FAST_MATH = YES;
				ONLY_ACTIVE_ARCH = YES;
				SDKROOT = iphoneos;
				SWIFT_ACTIVE_COMPILATION_CONDITIONS = "DEBUG $(inherited)";
				SWIFT_OPTIMIZATION_LEVEL = "-Onone";
			};
			name = Debug;
		};
		4522537E2B1E426100CE8B92 /* Release */ = {
			isa = XCBuildConfiguration;
			buildSettings = {
				ALWAYS_SEARCH_USER_PATHS = NO;
				ASSETCATALOG_COMPILER_GENERATE_SWIFT_ASSET_SYMBOL_EXTENSIONS = YES;
				CLANG_ANALYZER_NONNULL = YES;
				CLANG_ANALYZER_NUMBER_OBJECT_CONVERSION = YES_AGGRESSIVE;
				CLANG_CXX_LANGUAGE_STANDARD = "gnu++20";
				CLANG_ENABLE_MODULES = YES;
				CLANG_ENABLE_OBJC_ARC = YES;
				CLANG_ENABLE_OBJC_WEAK = YES;
				CLANG_WARN_BLOCK_CAPTURE_AUTORELEASING = YES;
				CLANG_WARN_BOOL_CONVERSION = YES;
				CLANG_WARN_COMMA = YES;
				CLANG_WARN_CONSTANT_CONVERSION = YES;
				CLANG_WARN_DEPRECATED_OBJC_IMPLEMENTATIONS = YES;
				CLANG_WARN_DIRECT_OBJC_ISA_USAGE = YES_ERROR;
				CLANG_WARN_DOCUMENTATION_COMMENTS = YES;
				CLANG_WARN_EMPTY_BODY = YES;
				CLANG_WARN_ENUM_CONVERSION = YES;
				CLANG_WARN_INFINITE_RECURSION = YES;
				CLANG_WARN_INT_CONVERSION = YES;
				CLANG_WARN_NON_LITERAL_NULL_CONVERSION = YES;
				CLANG_WARN_OBJC_IMPLICIT_RETAIN_SELF = YES;
				CLANG_WARN_OBJC_LITERAL_CONVERSION = YES;
				CLANG_WARN_OBJC_ROOT_CLASS = YES_ERROR;
				CLANG_WARN_QUOTED_INCLUDE_IN_FRAMEWORK_HEADER = YES;
				CLANG_WARN_RANGE_LOOP_ANALYSIS = YES;
				CLANG_WARN_STRICT_PROTOTYPES = YES;
				CLANG_WARN_SUSPICIOUS_MOVE = YES;
				CLANG_WARN_UNGUARDED_AVAILABILITY = YES_AGGRESSIVE;
				CLANG_WARN_UNREACHABLE_CODE = YES;
				CLANG_WARN__DUPLICATE_METHOD_MATCH = YES;
				COPY_PHASE_STRIP = NO;
				DEBUG_INFORMATION_FORMAT = "dwarf-with-dsym";
				ENABLE_NS_ASSERTIONS = NO;
				ENABLE_STRICT_OBJC_MSGSEND = YES;
				ENABLE_USER_SCRIPT_SANDBOXING = YES;
				GCC_C_LANGUAGE_STANDARD = gnu17;
				GCC_NO_COMMON_BLOCKS = YES;
				GCC_WARN_64_TO_32_BIT_CONVERSION = YES;
				GCC_WARN_ABOUT_RETURN_TYPE = YES_ERROR;
				GCC_WARN_UNDECLARED_SELECTOR = YES;
				GCC_WARN_UNINITIALIZED_AUTOS = YES_AGGRESSIVE;
				GCC_WARN_UNUSED_FUNCTION = YES;
				GCC_WARN_UNUSED_VARIABLE = YES;
				IPHONEOS_DEPLOYMENT_TARGET = 17.0;
				LOCALIZATION_PREFERS_STRING_CATALOGS = YES;
				MTL_ENABLE_DEBUG_INFO = NO;
				MTL_FAST_MATH = YES;
				SDKROOT = iphoneos;
				SWIFT_COMPILATION_MODE = wholemodule;
				VALIDATE_PRODUCT = YES;
			};
			name = Release;
		};
		452253802B1E426100CE8B92 /* Debug */ = {
			isa = XCBuildConfiguration;
			buildSettings = {
				ASSETCATALOG_COMPILER_APPICON_NAME = AppIcon;
				ASSETCATALOG_COMPILER_GLOBAL_ACCENT_COLOR_NAME = AccentColor;
				CODE_SIGN_STYLE = Automatic;
				CURRENT_PROJECT_VERSION = 1;
				DEVELOPMENT_ASSET_PATHS = "\"GetThingsDone/Preview Content\"";
				DEVELOPMENT_TEAM = 6A7T62L69W;
				ENABLE_PREVIEWS = YES;
				GENERATE_INFOPLIST_FILE = YES;
				INFOPLIST_KEY_UIApplicationSceneManifest_Generation = YES;
				INFOPLIST_KEY_UIApplicationSupportsIndirectInputEvents = YES;
				INFOPLIST_KEY_UILaunchScreen_Generation = YES;
				INFOPLIST_KEY_UISupportedInterfaceOrientations_iPad = "UIInterfaceOrientationPortrait UIInterfaceOrientationPortraitUpsideDown UIInterfaceOrientationLandscapeLeft UIInterfaceOrientationLandscapeRight";
				INFOPLIST_KEY_UISupportedInterfaceOrientations_iPhone = "UIInterfaceOrientationPortrait UIInterfaceOrientationLandscapeLeft UIInterfaceOrientationLandscapeRight";
				LD_RUNPATH_SEARCH_PATHS = (
					"$(inherited)",
					"@executable_path/Frameworks",
				);
				MARKETING_VERSION = 1.0;
				PRODUCT_BUNDLE_IDENTIFIER = com.igorlopatka.GetThingsDone;
				PRODUCT_NAME = "$(TARGET_NAME)";
				SWIFT_EMIT_LOC_STRINGS = YES;
				SWIFT_VERSION = 5.0;
				TARGETED_DEVICE_FAMILY = "1,2";
			};
			name = Debug;
		};
		452253812B1E426100CE8B92 /* Release */ = {
			isa = XCBuildConfiguration;
			buildSettings = {
				ASSETCATALOG_COMPILER_APPICON_NAME = AppIcon;
				ASSETCATALOG_COMPILER_GLOBAL_ACCENT_COLOR_NAME = AccentColor;
				CODE_SIGN_STYLE = Automatic;
				CURRENT_PROJECT_VERSION = 1;
				DEVELOPMENT_ASSET_PATHS = "\"GetThingsDone/Preview Content\"";
				DEVELOPMENT_TEAM = 6A7T62L69W;
				ENABLE_PREVIEWS = YES;
				GENERATE_INFOPLIST_FILE = YES;
				INFOPLIST_KEY_UIApplicationSceneManifest_Generation = YES;
				INFOPLIST_KEY_UIApplicationSupportsIndirectInputEvents = YES;
				INFOPLIST_KEY_UILaunchScreen_Generation = YES;
				INFOPLIST_KEY_UISupportedInterfaceOrientations_iPad = "UIInterfaceOrientationPortrait UIInterfaceOrientationPortraitUpsideDown UIInterfaceOrientationLandscapeLeft UIInterfaceOrientationLandscapeRight";
				INFOPLIST_KEY_UISupportedInterfaceOrientations_iPhone = "UIInterfaceOrientationPortrait UIInterfaceOrientationLandscapeLeft UIInterfaceOrientationLandscapeRight";
				LD_RUNPATH_SEARCH_PATHS = (
					"$(inherited)",
					"@executable_path/Frameworks",
				);
				MARKETING_VERSION = 1.0;
				PRODUCT_BUNDLE_IDENTIFIER = com.igorlopatka.GetThingsDone;
				PRODUCT_NAME = "$(TARGET_NAME)";
				SWIFT_EMIT_LOC_STRINGS = YES;
				SWIFT_VERSION = 5.0;
				TARGETED_DEVICE_FAMILY = "1,2";
			};
			name = Release;
		};
		45C165AB2B21194900F301F9 /* Debug */ = {
			isa = XCBuildConfiguration;
			buildSettings = {
				BUNDLE_LOADER = "$(TEST_HOST)";
				CODE_SIGN_STYLE = Automatic;
				CURRENT_PROJECT_VERSION = 1;
				DEVELOPMENT_TEAM = 6A7T62L69W;
				GENERATE_INFOPLIST_FILE = YES;
				IPHONEOS_DEPLOYMENT_TARGET = 17.0;
				MACOSX_DEPLOYMENT_TARGET = 14.0;
				MARKETING_VERSION = 1.0;
				PRODUCT_BUNDLE_IDENTIFIER = com.igorlopatka.GetThingsDoneTests;
				PRODUCT_NAME = "$(TARGET_NAME)";
				SDKROOT = auto;
				SUPPORTED_PLATFORMS = "iphoneos iphonesimulator macosx";
				SWIFT_EMIT_LOC_STRINGS = NO;
				SWIFT_VERSION = 5.0;
				TARGETED_DEVICE_FAMILY = "1,2";
				TEST_HOST = "$(BUILT_PRODUCTS_DIR)/GetThingsDone.app/$(BUNDLE_EXECUTABLE_FOLDER_PATH)/GetThingsDone";
			};
			name = Debug;
		};
		45C165AC2B21194900F301F9 /* Release */ = {
			isa = XCBuildConfiguration;
			buildSettings = {
				BUNDLE_LOADER = "$(TEST_HOST)";
				CODE_SIGN_STYLE = Automatic;
				CURRENT_PROJECT_VERSION = 1;
				DEVELOPMENT_TEAM = 6A7T62L69W;
				GENERATE_INFOPLIST_FILE = YES;
				IPHONEOS_DEPLOYMENT_TARGET = 17.0;
				MACOSX_DEPLOYMENT_TARGET = 14.0;
				MARKETING_VERSION = 1.0;
				PRODUCT_BUNDLE_IDENTIFIER = com.igorlopatka.GetThingsDoneTests;
				PRODUCT_NAME = "$(TARGET_NAME)";
				SDKROOT = auto;
				SUPPORTED_PLATFORMS = "iphoneos iphonesimulator macosx";
				SWIFT_EMIT_LOC_STRINGS = NO;
				SWIFT_VERSION = 5.0;
				TARGETED_DEVICE_FAMILY = "1,2";
				TEST_HOST = "$(BUILT_PRODUCTS_DIR)/GetThingsDone.app/$(BUNDLE_EXECUTABLE_FOLDER_PATH)/GetThingsDone";
			};
			name = Release;
		};
		45C165BA2B21195600F301F9 /* Debug */ = {
			isa = XCBuildConfiguration;
			buildSettings = {
				CODE_SIGN_STYLE = Automatic;
				CURRENT_PROJECT_VERSION = 1;
				DEVELOPMENT_TEAM = 6A7T62L69W;
				GENERATE_INFOPLIST_FILE = YES;
				IPHONEOS_DEPLOYMENT_TARGET = 17.0;
				MACOSX_DEPLOYMENT_TARGET = 14.0;
				MARKETING_VERSION = 1.0;
				PRODUCT_BUNDLE_IDENTIFIER = com.igorlopatka.GetThingsDoneUITests;
				PRODUCT_NAME = "$(TARGET_NAME)";
				SDKROOT = auto;
				SUPPORTED_PLATFORMS = "iphoneos iphonesimulator macosx";
				SWIFT_EMIT_LOC_STRINGS = NO;
				SWIFT_VERSION = 5.0;
				TARGETED_DEVICE_FAMILY = "1,2";
				TEST_TARGET_NAME = GetThingsDone;
			};
			name = Debug;
		};
		45C165BB2B21195600F301F9 /* Release */ = {
			isa = XCBuildConfiguration;
			buildSettings = {
				CODE_SIGN_STYLE = Automatic;
				CURRENT_PROJECT_VERSION = 1;
				DEVELOPMENT_TEAM = 6A7T62L69W;
				GENERATE_INFOPLIST_FILE = YES;
				IPHONEOS_DEPLOYMENT_TARGET = 17.0;
				MACOSX_DEPLOYMENT_TARGET = 14.0;
				MARKETING_VERSION = 1.0;
				PRODUCT_BUNDLE_IDENTIFIER = com.igorlopatka.GetThingsDoneUITests;
				PRODUCT_NAME = "$(TARGET_NAME)";
				SDKROOT = auto;
				SUPPORTED_PLATFORMS = "iphoneos iphonesimulator macosx";
				SWIFT_EMIT_LOC_STRINGS = NO;
				SWIFT_VERSION = 5.0;
				TARGETED_DEVICE_FAMILY = "1,2";
				TEST_TARGET_NAME = GetThingsDone;
			};
			name = Release;
		};
/* End XCBuildConfiguration section */

/* Begin XCConfigurationList section */
		4522536C2B1E426000CE8B92 /* Build configuration list for PBXProject "GetThingsDone" */ = {
			isa = XCConfigurationList;
			buildConfigurations = (
				4522537D2B1E426100CE8B92 /* Debug */,
				4522537E2B1E426100CE8B92 /* Release */,
			);
			defaultConfigurationIsVisible = 0;
			defaultConfigurationName = Release;
		};
		4522537F2B1E426100CE8B92 /* Build configuration list for PBXNativeTarget "GetThingsDone" */ = {
			isa = XCConfigurationList;
			buildConfigurations = (
				452253802B1E426100CE8B92 /* Debug */,
				452253812B1E426100CE8B92 /* Release */,
			);
			defaultConfigurationIsVisible = 0;
			defaultConfigurationName = Release;
		};
		45C165AA2B21194900F301F9 /* Build configuration list for PBXNativeTarget "GetThingsDoneTests" */ = {
			isa = XCConfigurationList;
			buildConfigurations = (
				45C165AB2B21194900F301F9 /* Debug */,
				45C165AC2B21194900F301F9 /* Release */,
			);
			defaultConfigurationIsVisible = 0;
			defaultConfigurationName = Release;
		};
		45C165B92B21195600F301F9 /* Build configuration list for PBXNativeTarget "GetThingsDoneUITests" */ = {
			isa = XCConfigurationList;
			buildConfigurations = (
				45C165BA2B21195600F301F9 /* Debug */,
				45C165BB2B21195600F301F9 /* Release */,
			);
			defaultConfigurationIsVisible = 0;
			defaultConfigurationName = Release;
		};
/* End XCConfigurationList section */

/* Begin XCRemoteSwiftPackageReference section */
		4590577F2B94FB6900C6F6D5 /* XCRemoteSwiftPackageReference "GettingThingsDoneSharedDTO" */ = {
			isa = XCRemoteSwiftPackageReference;
			repositoryURL = "https://github.com/igorlopatka/GettingThingsDoneSharedDTO.git";
			requirement = {
				branch = main;
				kind = branch;
			};
		};
/* End XCRemoteSwiftPackageReference section */

/* Begin XCSwiftPackageProductDependency section */
		459057802B94FB6900C6F6D5 /* GettingThingsDoneSharedDTO */ = {
			isa = XCSwiftPackageProductDependency;
			package = 4590577F2B94FB6900C6F6D5 /* XCRemoteSwiftPackageReference "GettingThingsDoneSharedDTO" */;
			productName = GettingThingsDoneSharedDTO;
		};
/* End XCSwiftPackageProductDependency section */
	};
	rootObject = 452253692B1E426000CE8B92 /* Project object */;
}
